
Microsoft Visual Studio Solution File, Format Version 12.00
# Visual Studio Version 16
VisualStudioVersion = 16.0.30114.105
MinimumVisualStudioVersion = 10.0.40219.1
Project("{FAE04EC0-301F-11D3-BF4B-00C04F79EFBC}") = "slowpokeims.web", "slowpokeims.web\slowpokeims.web.csproj", "{826B6BF5-4A30-4DD5-A436-A5D1B4CE2B98}"
EndProject
Global
	GlobalSection(SolutionConfigurationPlatforms) = preSolution
		Debug|Any CPU = Debug|Any CPU
		Release|Any CPU = Release|Any CPU
	EndGlobalSection
	GlobalSection(SolutionProperties) = preSolution
		HideSolutionNode = FALSE
	EndGlobalSection
	GlobalSection(ProjectConfigurationPlatforms) = postSolution
		{826B6BF5-4A30-4DD5-A436-A5D1B4CE2B98}.Debug|Any CPU.ActiveCfg = Debug|Any CPU
		{826B6BF5-4A30-4DD5-A436-A5D1B4CE2B98}.Debug|Any CPU.Build.0 = Debug|Any CPU
		{826B6BF5-4A30-4DD5-A436-A5D1B4CE2B98}.Release|Any CPU.ActiveCfg = Release|Any CPU
		{826B6BF5-4A30-4DD5-A436-A5D1B4CE2B98}.Release|Any CPU.Build.0 = Release|Any CPU
	EndGlobalSection
EndGlobal
